
Microsoft Visual Studio Solution File, Format Version 12.00
# Visual Studio Version 16
VisualStudioVersion = 16.0.31112.23
MinimumVisualStudioVersion = 10.0.40219.1
Project("{FAE04EC0-301F-11D3-BF4B-00C04F79EFBC}") = "GB_HW54", "GB_HW54.csproj", "{789E96B5-9C8B-4CF7-8663-C0AB14AA36BF}"
EndProject
Global
	GlobalSection(SolutionConfigurationPlatforms) = preSolution
		Debug|Any CPU = Debug|Any CPU
		Release|Any CPU = Release|Any CPU
	EndGlobalSection
	GlobalSection(ProjectConfigurationPlatforms) = postSolution
		{789E96B5-9C8B-4CF7-8663-C0AB14AA36BF}.Debug|Any CPU.ActiveCfg = Debug|Any CPU
		{789E96B5-9C8B-4CF7-8663-C0AB14AA36BF}.Debug|Any CPU.Build.0 = Debug|Any CPU
		{789E96B5-9C8B-4CF7-8663-C0AB14AA36BF}.Release|Any CPU.ActiveCfg = Release|Any CPU
		{789E96B5-9C8B-4CF7-8663-C0AB14AA36BF}.Release|Any CPU.Build.0 = Release|Any CPU
	EndGlobalSection
	GlobalSection(SolutionProperties) = preSolution
		HideSolutionNode = FALSE
	EndGlobalSection
	GlobalSection(ExtensibilityGlobals) = postSolution
		SolutionGuid = {99EAB540-C531-451A-9487-1A8F72F5EF00}
	EndGlobalSection
EndGlobal
